
Microsoft Visual Studio Solution File, Format Version 12.00
# Visual Studio Version 16
VisualStudioVersion = 16.0.30330.147
MinimumVisualStudioVersion = 10.0.40219.1
Project("{9A19103F-16F7-4668-BE54-9A1E7A4F7556}") = "TestJenkins_MVC", "TestJenkins_MVC\TestJenkins_MVC.csproj", "{DDC06704-9CA7-470F-A499-CED093951C38}"
EndProject
Project("{FAE04EC0-301F-11D3-BF4B-00C04F79EFBC}") = "TestJenkins_MVCTests", "TestJenkins_MVCTests\TestJenkins_MVCTests.csproj", "{F7B37E26-C647-4AA0-AFB8-CC7AC10E1943}"
EndProject
Global
	GlobalSection(SolutionConfigurationPlatforms) = preSolution
		Debug|Any CPU = Debug|Any CPU
		Release|Any CPU = Release|Any CPU
	EndGlobalSection
	GlobalSection(ProjectConfigurationPlatforms) = postSolution
		{DDC06704-9CA7-470F-A499-CED093951C38}.Debug|Any CPU.ActiveCfg = Debug|Any CPU
		{DDC06704-9CA7-470F-A499-CED093951C38}.Debug|Any CPU.Build.0 = Debug|Any CPU
		{DDC06704-9CA7-470F-A499-CED093951C38}.Release|Any CPU.ActiveCfg = Release|Any CPU
		{DDC06704-9CA7-470F-A499-CED093951C38}.Release|Any CPU.Build.0 = Release|Any CPU
		{F7B37E26-C647-4AA0-AFB8-CC7AC10E1943}.Debug|Any CPU.ActiveCfg = Debug|Any CPU
		{F7B37E26-C647-4AA0-AFB8-CC7AC10E1943}.Debug|Any CPU.Build.0 = Debug|Any CPU
		{F7B37E26-C647-4AA0-AFB8-CC7AC10E1943}.Release|Any CPU.ActiveCfg = Release|Any CPU
		{F7B37E26-C647-4AA0-AFB8-CC7AC10E1943}.Release|Any CPU.Build.0 = Release|Any CPU
	EndGlobalSection
	GlobalSection(SolutionProperties) = preSolution
		HideSolutionNode = FALSE
	EndGlobalSection
	GlobalSection(ExtensibilityGlobals) = postSolution
		SolutionGuid = {A0AA5908-011C-48CE-B118-D88E36B0536C}
	EndGlobalSection
EndGlobal
